
Microsoft Visual Studio Solution File, Format Version 12.00
# Visual Studio 14
VisualStudioVersion = 14.0.25420.1
MinimumVisualStudioVersion = 10.0.40219.1
Project("{FAE04EC0-301F-11D3-BF4B-00C04F79EFBC}") = "TestingTools.Tests", "TestingTools.Tests\TestingTools.Tests.csproj", "{3535F6BD-DA7D-44FC-BE5B-4A9166350622}"
EndProject
Project("{FAE04EC0-301F-11D3-BF4B-00C04F79EFBC}") = "TestingTools.Services", "TestingTools.Services\TestingTools.Services.csproj", "{BDDFEC21-B892-4BFE-A762-44F6653DEFD7}"
EndProject
Project("{2150E333-8FDC-42A3-9474-1A3956D46DE8}") = ".nuget", ".nuget", "{656EA971-0A9F-4B84-8161-981BB6E26C6E}"
	ProjectSection(SolutionItems) = preProject
		.nuget\NuGet.Config = .nuget\NuGet.Config
		.nuget\NuGet.exe = .nuget\NuGet.exe
		.nuget\NuGet.targets = .nuget\NuGet.targets
	EndProjectSection
EndProject
Project("{FAE04EC0-301F-11D3-BF4B-00C04F79EFBC}") = "TestingTools.WcfSelfHost", "Wcf.SelfHost\TestingTools.WcfSelfHost.csproj", "{D9337E63-3A89-4C03-890C-5115B9EDD174}"
EndProject
Project("{FAE04EC0-301F-11D3-BF4B-00C04F79EFBC}") = "TestingTools.WcfSelfHost.Tests", "TestingTools.WcfSelfHost.Tests\TestingTools.WcfSelfHost.Tests.csproj", "{590A5F32-85EB-4529-9116-53C3372B5C8F}"
EndProject
Global
	GlobalSection(SolutionConfigurationPlatforms) = preSolution
		Debug|Any CPU = Debug|Any CPU
		Jenkins|Any CPU = Jenkins|Any CPU
		Release|Any CPU = Release|Any CPU
	EndGlobalSection
	GlobalSection(ProjectConfigurationPlatforms) = postSolution
		{3535F6BD-DA7D-44FC-BE5B-4A9166350622}.Debug|Any CPU.ActiveCfg = Debug|Any CPU
		{3535F6BD-DA7D-44FC-BE5B-4A9166350622}.Debug|Any CPU.Build.0 = Debug|Any CPU
		{3535F6BD-DA7D-44FC-BE5B-4A9166350622}.Jenkins|Any CPU.ActiveCfg = Release|Any CPU
		{3535F6BD-DA7D-44FC-BE5B-4A9166350622}.Jenkins|Any CPU.Build.0 = Release|Any CPU
		{3535F6BD-DA7D-44FC-BE5B-4A9166350622}.Release|Any CPU.ActiveCfg = Release|Any CPU
		{3535F6BD-DA7D-44FC-BE5B-4A9166350622}.Release|Any CPU.Build.0 = Release|Any CPU
		{BDDFEC21-B892-4BFE-A762-44F6653DEFD7}.Debug|Any CPU.ActiveCfg = Debug|Any CPU
		{BDDFEC21-B892-4BFE-A762-44F6653DEFD7}.Debug|Any CPU.Build.0 = Debug|Any CPU
		{BDDFEC21-B892-4BFE-A762-44F6653DEFD7}.Jenkins|Any CPU.ActiveCfg = Jenkins|Any CPU
		{BDDFEC21-B892-4BFE-A762-44F6653DEFD7}.Jenkins|Any CPU.Build.0 = Jenkins|Any CPU
		{BDDFEC21-B892-4BFE-A762-44F6653DEFD7}.Release|Any CPU.ActiveCfg = Release|Any CPU
		{BDDFEC21-B892-4BFE-A762-44F6653DEFD7}.Release|Any CPU.Build.0 = Release|Any CPU
		{D9337E63-3A89-4C03-890C-5115B9EDD174}.Debug|Any CPU.ActiveCfg = Debug|Any CPU
		{D9337E63-3A89-4C03-890C-5115B9EDD174}.Debug|Any CPU.Build.0 = Debug|Any CPU
		{D9337E63-3A89-4C03-890C-5115B9EDD174}.Jenkins|Any CPU.ActiveCfg = Release|Any CPU
		{D9337E63-3A89-4C03-890C-5115B9EDD174}.Jenkins|Any CPU.Build.0 = Release|Any CPU
		{D9337E63-3A89-4C03-890C-5115B9EDD174}.Release|Any CPU.ActiveCfg = Release|Any CPU
		{D9337E63-3A89-4C03-890C-5115B9EDD174}.Release|Any CPU.Build.0 = Release|Any CPU
		{590A5F32-85EB-4529-9116-53C3372B5C8F}.Debug|Any CPU.ActiveCfg = Debug|Any CPU
		{590A5F32-85EB-4529-9116-53C3372B5C8F}.Debug|Any CPU.Build.0 = Debug|Any CPU
		{590A5F32-85EB-4529-9116-53C3372B5C8F}.Jenkins|Any CPU.ActiveCfg = Release|Any CPU
		{590A5F32-85EB-4529-9116-53C3372B5C8F}.Jenkins|Any CPU.Build.0 = Release|Any CPU
		{590A5F32-85EB-4529-9116-53C3372B5C8F}.Release|Any CPU.ActiveCfg = Release|Any CPU
		{590A5F32-85EB-4529-9116-53C3372B5C8F}.Release|Any CPU.Build.0 = Release|Any CPU
	EndGlobalSection
	GlobalSection(SolutionProperties) = preSolution
		HideSolutionNode = FALSE
	EndGlobalSection
EndGlobal
